<?xml version="1.0" encoding="utf-8"?>
<Project ToolsVersion="4.0" xmlns="http://schemas.microsoft.com/developer/msbuild/2003">
  <ItemGroup>
    <Filter Include="Source Files">
      <UniqueIdentifier>{4FC737F1-C7A5-4376-A066-2A32D752A2FF}</UniqueIdentifier>
      <Extensions>cpp;c;cc;cxx;c++;cppm;ixx;def;odl;idl;hpj;bat;asm;asmx</Extensions>
    </Filter>
    <Filter Include="Header Files">
      <UniqueIdentifier>{93995380-89BD-4b04-88EB-625FBE52EBFB}</UniqueIdentifier>
      <Extensions>h;hh;hpp;hxx;h++;hm;inl;inc;ipp;xsd</Extensions>
    </Filter>
    <Filter Include="Resource Files">
      <UniqueIdentifier>{67DA6AB6-F800-4c08-8B7A-83BB121AAD01}</UniqueIdentifier>
      <Extensions>rc;ico;cur;bmp;dlg;rc2;rct;bin;rgs;gif;jpg;jpeg;jpe;resx;tiff;tif;png;wav;mfcribbon-ms</Extensions>
    </Filter>
    <Filter Include="ConectionAbstraction">
      <UniqueIdentifier>{06fed2fc-1c47-4711-99d8-5cba9ad662c9}</UniqueIdentifier>
    </Filter>
    <Filter Include="Windows">
      <UniqueIdentifier>{5a4cc5e1-389e-44f6-b11d-9fec0205cb8f}</UniqueIdentifier>
    </Filter>
    <Filter Include="Header Files\Pieces">
      <UniqueIdentifier>{43252dbb-3010-449e-95c4-18c25d4bb1fb}</UniqueIdentifier>
    </Filter>
    <Filter Include="Header Files\Other">
      <UniqueIdentifier>{ec1b143f-116c-4eda-961d-271e34af456d}</UniqueIdentifier>
    </Filter>
    <Filter Include="Source Files\Other">
      <UniqueIdentifier>{0ff13a9f-5444-4194-8031-d5b3d84f1112}</UniqueIdentifier>
    </Filter>
    <Filter Include="Source Files\Pieces">
      <UniqueIdentifier>{b7e4c956-3a38-419f-9786-f8b7e144e065}</UniqueIdentifier>
    </Filter>
    <Filter Include="Header Files\Screens">
      <UniqueIdentifier>{fc7d1a8f-b4be-454d-ae2c-4a17e3ac53c1}</UniqueIdentifier>
    </Filter>
  </ItemGroup>
  <ItemGroup>
    <ClCompile Include="TcpSocket.cpp">
      <Filter>ConectionAbstraction</Filter>
    </ClCompile>
    <ClCompile Include="SocketsManager.cpp">
      <Filter>ConectionAbstraction</Filter>
    </ClCompile>
    <ClCompile Include="Packet.cpp">
      <Filter>ConectionAbstraction</Filter>
    </ClCompile>
    <ClCompile Include="TcpListener.cpp">
      <Filter>ConectionAbstraction</Filter>
    </ClCompile>
    <ClCompile Include="Window.cpp">
      <Filter>Windows</Filter>
    </ClCompile>
    <ClCompile Include="Button.cpp">
      <Filter>Windows</Filter>
    </ClCompile>
    <ClCompile Include="King.cpp">
      <Filter>Source Files\Pieces</Filter>
    </ClCompile>
    <ClCompile Include="Bishop.cpp">
      <Filter>Source Files\Pieces</Filter>
    </ClCompile>
    <ClCompile Include="Knight.cpp">
      <Filter>Source Files\Pieces</Filter>
    </ClCompile>
    <ClCompile Include="Pawn.cpp">
      <Filter>Source Files\Pieces</Filter>
    </ClCompile>
    <ClCompile Include="Pieces.cpp">
      <Filter>Source Files\Pieces</Filter>
    </ClCompile>
    <ClCompile Include="Queen.cpp">
      <Filter>Source Files\Pieces</Filter>
    </ClCompile>
    <ClCompile Include="Tower.cpp">
      <Filter>Source Files\Pieces</Filter>
    </ClCompile>
    <ClCompile Include="Address.cpp">
      <Filter>Source Files\Other</Filter>
    </ClCompile>
    <ClCompile Include="Board.cpp">
      <Filter>Source Files\Other</Filter>
    </ClCompile>
    <ClCompile Include="Castle.cpp">
      <Filter>Source Files\Other</Filter>
    </ClCompile>
    <ClCompile Include="Lobby.cpp">
      <Filter>Source Files\Other</Filter>
    </ClCompile>
    <ClCompile Include="ConsoleControl.cpp">
      <Filter>Source Files\Other</Filter>
    </ClCompile>
    <ClCompile Include="CreateRoomRequest.cpp">
      <Filter>Source Files\Other</Filter>
    </ClCompile>
    <ClCompile Include="CreateRoomResponse.cpp">
      <Filter>Source Files\Other</Filter>
    </ClCompile>
    <ClCompile Include="EnPassant.cpp">
      <Filter>Source Files\Other</Filter>
    </ClCompile>
    <ClCompile Include="OnEnterAsPlayer.cpp">
      <Filter>Source Files\Other</Filter>
    </ClCompile>
    <ClCompile Include="OnEnterAsSpectator.cpp">
      <Filter>Source Files\Other</Filter>
    </ClCompile>
    <ClCompile Include="Promotion.cpp">
      <Filter>Source Files\Other</Filter>
    </ClCompile>
    <ClCompile Include="Redes2_FirstProject.cpp">
      <Filter>Source Files\Other</Filter>
    </ClCompile>
    <ClCompile Include="RoomData.cpp">
      <Filter>Source Files\Other</Filter>
    </ClCompile>
    <ClCompile Include="RoomManager.cpp">
      <Filter>Source Files\Other</Filter>
    </ClCompile>
    <ClCompile Include="RoomsUpdate.cpp">
      <Filter>Source Files\Other</Filter>
    </ClCompile>
    <ClCompile Include="SocketSelect.cpp">
      <Filter>Source Files\Other</Filter>
    </ClCompile>
    <ClCompile Include="Vector2.cpp">
      <Filter>Source Files\Other</Filter>
    </ClCompile>
    <ClCompile Include="tile.cpp">
      <Filter>Source Files</Filter>
    </ClCompile>
    <ClCompile Include="Screen.cpp">
      <Filter>Header Files\Screens</Filter>
    </ClCompile>
    <ClCompile Include="ServerScreen.cpp">
      <Filter>Header Files\Screens</Filter>
    </ClCompile>
    <ClCompile Include="Text.cpp">
      <Filter>Source Files</Filter>
    </ClCompile>
    <ClCompile Include="MainScreen.cpp">
      <Filter>Source Files</Filter>
    </ClCompile>
    <ClCompile Include="ScreenManager.cpp">
      <Filter>Source Files</Filter>
    </ClCompile>
    <ClCompile Include="ClientScreen.cpp">
      <Filter>Header Files\Screens</Filter>
    </ClCompile>
    <ClCompile Include="InputText.cpp">
      <Filter>Source Files</Filter>
    </ClCompile>
    <ClCompile Include="RoomSelectionScreen.cpp">
      <Filter>Header Files\Screens</Filter>
    </ClCompile>
    <ClCompile Include="RoomPrefab.cpp">
      <Filter>Source Files</Filter>
    </ClCompile>
    <ClCompile Include="TextureManager.cpp">
      <Filter>Source Files</Filter>
    </ClCompile>
    <ClCompile Include="RoomRequestData.cpp">
      <Filter>Source Files</Filter>
    </ClCompile>
  </ItemGroup>
  <ItemGroup>
    <ClInclude Include="Lobby.h">
      <Filter>ConectionAbstraction</Filter>
    </ClInclude>
    <ClInclude Include="ConsoleControl.h">
      <Filter>ConectionAbstraction</Filter>
    </ClInclude>
    <ClInclude Include="Packet.h">
      <Filter>ConectionAbstraction</Filter>
    </ClInclude>
    <ClInclude Include="SocketsManager.h">
      <Filter>ConectionAbstraction</Filter>
    </ClInclude>
    <ClInclude Include="TcpSocket.h">
      <Filter>ConectionAbstraction</Filter>
    </ClInclude>
    <ClInclude Include="TcpListener.h">
      <Filter>ConectionAbstraction</Filter>
    </ClInclude>
    <ClInclude Include="Window.h">
      <Filter>Windows</Filter>
    </ClInclude>
    <ClInclude Include="Button.h">
      <Filter>Windows</Filter>
    </ClInclude>
    <ClInclude Include="Bishop.h">
      <Filter>Header Files\Pieces</Filter>
    </ClInclude>
    <ClInclude Include="King.h">
      <Filter>Header Files\Pieces</Filter>
    </ClInclude>
    <ClInclude Include="Knight.h">
      <Filter>Header Files\Pieces</Filter>
    </ClInclude>
    <ClInclude Include="Pawn.h">
      <Filter>Header Files\Pieces</Filter>
    </ClInclude>
    <ClInclude Include="Pieces.h">
      <Filter>Header Files\Pieces</Filter>
    </ClInclude>
    <ClInclude Include="Queen.h">
      <Filter>Header Files\Pieces</Filter>
    </ClInclude>
    <ClInclude Include="Tower.h">
      <Filter>Header Files\Pieces</Filter>
    </ClInclude>
    <ClInclude Include="Address.h">
      <Filter>Header Files\Other</Filter>
    </ClInclude>
    <ClInclude Include="Board.h">
      <Filter>Header Files\Other</Filter>
    </ClInclude>
    <ClInclude Include="Castle.h">
      <Filter>Header Files\Other</Filter>
    </ClInclude>
    <ClInclude Include="CreateRoomRequest.h">
      <Filter>Header Files\Other</Filter>
    </ClInclude>
    <ClInclude Include="CreateRoomResponse.h">
      <Filter>Header Files\Other</Filter>
    </ClInclude>
    <ClInclude Include="EnPassant.h">
      <Filter>Header Files\Other</Filter>
    </ClInclude>
    <ClInclude Include="OnEnterAsPlayer.h">
      <Filter>Header Files\Other</Filter>
    </ClInclude>
    <ClInclude Include="OnEnterAsSpectator.h">
      <Filter>Header Files\Other</Filter>
    </ClInclude>
    <ClInclude Include="Promotion.h">
      <Filter>Header Files\Other</Filter>
    </ClInclude>
    <ClInclude Include="RoomData.h">
      <Filter>Header Files\Other</Filter>
    </ClInclude>
    <ClInclude Include="RoomManager.h">
      <Filter>Header Files\Other</Filter>
    </ClInclude>
    <ClInclude Include="RoomsUpdate.h">
      <Filter>Header Files\Other</Filter>
    </ClInclude>
    <ClInclude Include="SocketSelect.h">
      <Filter>Header Files\Other</Filter>
    </ClInclude>
    <ClInclude Include="Vector2.h">
      <Filter>Header Files\Other</Filter>
    </ClInclude>
    <ClInclude Include="tile.h">
      <Filter>Header Files</Filter>
    </ClInclude>
    <ClInclude Include="Screen.h">
      <Filter>Header Files\Screens</Filter>
    </ClInclude>
    <ClInclude Include="ServerScreen.h">
      <Filter>Header Files\Screens</Filter>
    </ClInclude>
    <ClInclude Include="Text.h">
      <Filter>Header Files</Filter>
    </ClInclude>
    <ClInclude Include="MainScreen.h">
      <Filter>Header Files</Filter>
    </ClInclude>
    <ClInclude Include="ScreenManager.h">
      <Filter>Header Files</Filter>
    </ClInclude>
    <ClInclude Include="ClientScreen.h">
      <Filter>Header Files\Screens</Filter>
    </ClInclude>
    <ClInclude Include="InputText.h">
      <Filter>Header Files</Filter>
    </ClInclude>
    <ClInclude Include="Utils.h">
      <Filter>Header Files</Filter>
    </ClInclude>
    <ClInclude Include="RoomSelectionScreen.h">
      <Filter>Header Files\Screens</Filter>
    </ClInclude>
    <ClInclude Include="RoomPrefab.h">
      <Filter>Header Files</Filter>
    </ClInclude>
    <ClInclude Include="TextureManager.h">
      <Filter>Header Files</Filter>
    </ClInclude>
    <ClInclude Include="RoomRequestData.h">
      <Filter>Header Files</Filter>
    </ClInclude>
    <ClInclude Include="Codable.h">
      <Filter>Header Files</Filter>
    </ClInclude>
    <ClInclude Include="LoginRequestData.h">
      <Filter>Header Files</Filter>
    </ClInclude>
  </ItemGroup>
</Project>